
Microsoft Visual Studio Solution File, Format Version 12.00
# Visual Studio Version 17
VisualStudioVersion = 17.0.31903.59
MinimumVisualStudioVersion = 10.0.40219.1
Project("{FAE04EC0-301F-11D3-BF4B-00C04F79EFBC}") = "SafeBoxWPF", "SafeBoxWPF\SafeBoxWPF.csproj", "{DFA8B6FC-D471-43E3-BAE8-0102FF37CE97}"
EndProject
Global
	GlobalSection(SolutionConfigurationPlatforms) = preSolution
		Debug|Any CPU = Debug|Any CPU
		Release|Any CPU = Release|Any CPU
	EndGlobalSection
	GlobalSection(ProjectConfigurationPlatforms) = postSolution
		{DFA8B6FC-D471-43E3-BAE8-0102FF37CE97}.Debug|Any CPU.ActiveCfg = Debug|Any CPU
		{DFA8B6FC-D471-43E3-BAE8-0102FF37CE97}.Debug|Any CPU.Build.0 = Debug|Any CPU
		{DFA8B6FC-D471-43E3-BAE8-0102FF37CE97}.Release|Any CPU.ActiveCfg = Release|Any CPU
		{DFA8B6FC-D471-43E3-BAE8-0102FF37CE97}.Release|Any CPU.Build.0 = Release|Any CPU
	EndGlobalSection
	GlobalSection(SolutionProperties) = preSolution
		HideSolutionNode = FALSE
	EndGlobalSection
	GlobalSection(ExtensibilityGlobals) = postSolution
		SolutionGuid = {004F6D7C-91D1-40BE-8FFA-8B9B1479AB55}
	EndGlobalSection
EndGlobal
